
Microsoft Visual Studio Solution File, Format Version 12.00
# Visual Studio Version 17
VisualStudioVersion = 17.3.32922.545
MinimumVisualStudioVersion = 10.0.40219.1
Project("{FAE04EC0-301F-11D3-BF4B-00C04F79EFBC}") = "Hafta2", "Hafta2\Hafta2.csproj", "{A5797BB7-7649-4EE2-B159-B8540BC6077A}"
EndProject
Global
	GlobalSection(SolutionConfigurationPlatforms) = preSolution
		Debug|Any CPU = Debug|Any CPU
		Release|Any CPU = Release|Any CPU
	EndGlobalSection
	GlobalSection(ProjectConfigurationPlatforms) = postSolution
		{A5797BB7-7649-4EE2-B159-B8540BC6077A}.Debug|Any CPU.ActiveCfg = Debug|Any CPU
		{A5797BB7-7649-4EE2-B159-B8540BC6077A}.Debug|Any CPU.Build.0 = Debug|Any CPU
		{A5797BB7-7649-4EE2-B159-B8540BC6077A}.Release|Any CPU.ActiveCfg = Release|Any CPU
		{A5797BB7-7649-4EE2-B159-B8540BC6077A}.Release|Any CPU.Build.0 = Release|Any CPU
	EndGlobalSection
	GlobalSection(SolutionProperties) = preSolution
		HideSolutionNode = FALSE
	EndGlobalSection
	GlobalSection(ExtensibilityGlobals) = postSolution
		SolutionGuid = {E8EB2C75-4D74-4B94-AE6D-64547B6C864F}
	EndGlobalSection
EndGlobal
